
Microsoft Visual Studio Solution File, Format Version 12.00
# Visual Studio Version 17
VisualStudioVersion = 17.4.33213.308
MinimumVisualStudioVersion = 10.0.40219.1
Project("{FAE04EC0-301F-11D3-BF4B-00C04F79EFBC}") = "LivrosWeb", "LivrosWeb\LivrosWeb.csproj", "{5485707D-FC47-4B97-913F-23E2AD7B9146}"
EndProject
Global
	GlobalSection(SolutionConfigurationPlatforms) = preSolution
		Debug|Any CPU = Debug|Any CPU
		Release|Any CPU = Release|Any CPU
	EndGlobalSection
	GlobalSection(ProjectConfigurationPlatforms) = postSolution
		{5485707D-FC47-4B97-913F-23E2AD7B9146}.Debug|Any CPU.ActiveCfg = Debug|Any CPU
		{5485707D-FC47-4B97-913F-23E2AD7B9146}.Debug|Any CPU.Build.0 = Debug|Any CPU
		{5485707D-FC47-4B97-913F-23E2AD7B9146}.Release|Any CPU.ActiveCfg = Release|Any CPU
		{5485707D-FC47-4B97-913F-23E2AD7B9146}.Release|Any CPU.Build.0 = Release|Any CPU
	EndGlobalSection
	GlobalSection(SolutionProperties) = preSolution
		HideSolutionNode = FALSE
	EndGlobalSection
	GlobalSection(ExtensibilityGlobals) = postSolution
		SolutionGuid = {BF23C1A8-B773-4A31-A9EB-F9D48C9A2D3A}
	EndGlobalSection
EndGlobal
